<?xml version="1.0" encoding="utf-8"?>
<Project ToolsVersion="4.0" xmlns="http://schemas.microsoft.com/developer/msbuild/2003">
  <ItemGroup>
    <Filter Include="Source Files">
      <UniqueIdentifier>{4ee6e070-33a6-4871-bd4d-c6b18135ddb1}</UniqueIdentifier>
      <Extensions>cpp;c;cxx;rc;def;r;odl;idl;hpj;bat</Extensions>
    </Filter>
    <Filter Include="Header Files">
      <UniqueIdentifier>{2ddfd629-c134-4b53-a953-c908bfd23ecc}</UniqueIdentifier>
      <Extensions>h;hpp;hxx;hm;inl</Extensions>
    </Filter>
    <Filter Include="Resource Files">
      <UniqueIdentifier>{bfc323d6-dcb5-4b35-b3fe-c4baafdc61cc}</UniqueIdentifier>
      <Extensions>ico;cur;bmp;dlg;rc2;rct;bin;rgs;gif;jpg;jpeg;jpe</Extensions>
    </Filter>
  </ItemGroup>
  <ItemGroup>
    <ClCompile Include="ActController.cpp">
      <Filter>Source Files</Filter>
    </ClCompile>
    <ClCompile Include="ActControllerGen.cpp">
      <Filter>Source Files</Filter>
    </ClCompile>
    <ClCompile Include="ActControllerPersist.cpp">
      <Filter>Source Files</Filter>
    </ClCompile>
    <ClCompile Include="ActControllerPropPage.cpp">
      <Filter>Source Files</Filter>
    </ClCompile>
    <ClCompile Include="ActControllerPropPageTab.cpp">
      <Filter>Source Files</Filter>
    </ClCompile>
    <ClCompile Include="ActControllerPropPageTab1.cpp">
      <Filter>Source Files</Filter>
    </ClCompile>
    <ClCompile Include="ActControllerPropPageTab2.cpp">
      <Filter>Source Files</Filter>
    </ClCompile>
    <ClCompile Include="ActControllerPropPageTabCtrl.cpp">
      <Filter>Source Files</Filter>
    </ClCompile>
    <ClCompile Include="ActControllerPublic.cpp">
      <Filter>Source Files</Filter>
    </ClCompile>
    <ClCompile Include="ActControllerRefresh.cpp">
      <Filter>Source Files</Filter>
    </ClCompile>
    <ClCompile Include="ActControllerRX.cpp">
      <Filter>Source Files</Filter>
    </ClCompile>
    <ClCompile Include="CellMidiPropsDlg.cpp">
      <Filter>Source Files</Filter>
    </ClCompile>
    <ClCompile Include="EditLabel.cpp">
      <Filter>Source Files</Filter>
    </ClCompile>
    <ClCompile Include="Label.cpp">
      <Filter>Source Files</Filter>
    </ClCompile>
    <ClCompile Include="MidiBinding.cpp">
      <Filter>Source Files</Filter>
    </ClCompile>
    <ClCompile Include="MidiInitializationMsgDlg.cpp">
      <Filter>Source Files</Filter>
    </ClCompile>
    <ClCompile Include="StdAfx.cpp">
      <Filter>Source Files</Filter>
    </ClCompile>
    <ClCompile Include="strlcat.cpp">
      <Filter>Source Files</Filter>
    </ClCompile>
    <ClCompile Include="strlcpy.cpp">
      <Filter>Source Files</Filter>
    </ClCompile>
    <ClCompile Include="utils.cpp">
      <Filter>Source Files</Filter>
    </ClCompile>
    <ClCompile Include="..\..\Framework2\MixParam.cpp">
      <Filter>Source Files</Filter>
    </ClCompile>
    <ClCompile Include="..\..\Framework2\StringCruncher.cpp">
      <Filter>Source Files</Filter>
    </ClCompile>
  </ItemGroup>
  <ItemGroup>
    <None Include="ActController.def">
      <Filter>Source Files</Filter>
    </None>
    <None Include="res\GenericControlSurface.rc2">
      <Filter>Resource Files</Filter>
    </None>
    <None Include="ReadMe.txt" />
  </ItemGroup>
  <ItemGroup>
    <ResourceCompile Include="ActController.rc">
      <Filter>Source Files</Filter>
    </ResourceCompile>
  </ItemGroup>
  <ItemGroup>
    <Midl Include="..\..\Framework2\ControlSurface.idl">
      <Filter>Source Files</Filter>
    </Midl>
  </ItemGroup>
  <ItemGroup>
    <ClInclude Include="ActController.h">
      <Filter>Header Files</Filter>
    </ClInclude>
    <ClInclude Include="ActControllerPropPage.h">
      <Filter>Header Files</Filter>
    </ClInclude>
    <ClInclude Include="ActControllerPropPageTab.h">
      <Filter>Header Files</Filter>
    </ClInclude>
    <ClInclude Include="ActControllerPropPageTab1.h">
      <Filter>Header Files</Filter>
    </ClInclude>
    <ClInclude Include="ActControllerPropPageTab2.h">
      <Filter>Header Files</Filter>
    </ClInclude>
    <ClInclude Include="ActControllerPropPageTabCtrl.h">
      <Filter>Header Files</Filter>
    </ClInclude>
    <ClInclude Include="CellMidiPropsDlg.h">
      <Filter>Header Files</Filter>
    </ClInclude>
    <ClInclude Include="EditLabel.h">
      <Filter>Header Files</Filter>
    </ClInclude>
    <ClInclude Include="Label.h">
      <Filter>Header Files</Filter>
    </ClInclude>
    <ClInclude Include="MfxTime.h">
      <Filter>Header Files</Filter>
    </ClInclude>
    <ClInclude Include="MidiBinding.h">
      <Filter>Header Files</Filter>
    </ClInclude>
    <ClInclude Include="MidiInitializationMsgDlg.h">
      <Filter>Header Files</Filter>
    </ClInclude>
    <ClInclude Include="resource.h">
      <Filter>Header Files</Filter>
    </ClInclude>
    <ClInclude Include="StdAfx.h">
      <Filter>Header Files</Filter>
    </ClInclude>
    <ClInclude Include="strlcat.h">
      <Filter>Header Files</Filter>
    </ClInclude>
    <ClInclude Include="strlcpy.h">
      <Filter>Header Files</Filter>
    </ClInclude>
    <ClInclude Include="utils.h">
      <Filter>Header Files</Filter>
    </ClInclude>
    <ClInclude Include="..\..\Framework2\CommandIDs.h">
      <Filter>Header Files</Filter>
    </ClInclude>
  </ItemGroup>
</Project>