<?xml version="1.0" encoding="utf-8"?>
<Project ToolsVersion="4.0" xmlns="http://schemas.microsoft.com/developer/msbuild/2003">
  <ItemGroup>
    <Filter Include="Source Files">
      <UniqueIdentifier>{6c1a3db6-6613-439c-986b-596f6030b166}</UniqueIdentifier>
      <Extensions>cpp;c;cxx;rc;def;r;odl;idl;hpj;bat</Extensions>
    </Filter>
    <Filter Include="Header Files">
      <UniqueIdentifier>{e0d33d69-83ac-4bcb-923c-064701c1f48c}</UniqueIdentifier>
      <Extensions>h;hpp;hxx;hm;inl</Extensions>
    </Filter>
    <Filter Include="Resource Files">
      <UniqueIdentifier>{a7030608-3667-4f08-9c7b-f56f00a59a6f}</UniqueIdentifier>
      <Extensions>ico;cur;bmp;dlg;rc2;rct;bin;rgs;gif;jpg;jpeg;jpe</Extensions>
    </Filter>
  </ItemGroup>
  <ItemGroup>
    <ClCompile Include="ButtonPropsDlg.cpp">
      <Filter>Source Files</Filter>
    </ClCompile>
    <ClCompile Include="IOBoxInterface.cpp">
      <Filter>Source Files</Filter>
    </ClCompile>
    <ClCompile Include="MidiSource.cpp">
      <Filter>Source Files</Filter>
    </ClCompile>
    <ClCompile Include="..\Framework2\MixParam.cpp">
      <Filter>Source Files</Filter>
    </ClCompile>
    <ClCompile Include="RegReminderDlg.cpp">
      <Filter>Source Files</Filter>
    </ClCompile>
    <ClCompile Include="..\Framework2\SfkMidi.cpp">
      <Filter>Source Files</Filter>
    </ClCompile>
    <ClCompile Include="..\Framework2\SfkUtils.cpp">
      <Filter>Source Files</Filter>
    </ClCompile>
    <ClCompile Include="StdAfx.cpp">
      <Filter>Source Files</Filter>
    </ClCompile>
    <ClCompile Include="..\Framework2\StringCruncher.cpp">
      <Filter>Source Files</Filter>
    </ClCompile>
    <ClCompile Include="..\Framework2\Surface.cpp">
      <Filter>Source Files</Filter>
    </ClCompile>
    <ClCompile Include="TacomaLCD.cpp">
      <Filter>Source Files</Filter>
    </ClCompile>
    <ClCompile Include="TacomaPresets.cpp">
      <Filter>Source Files</Filter>
    </ClCompile>
    <ClCompile Include="TacomaSurface.cpp">
      <Filter>Source Files</Filter>
    </ClCompile>
    <ClCompile Include="TacomaSurfaceGen.cpp">
      <Filter>Source Files</Filter>
    </ClCompile>
    <ClCompile Include="TacomaSurfacePersist.cpp">
      <Filter>Source Files</Filter>
    </ClCompile>
    <ClCompile Include="TacomaSurfacePropPage.cpp">
      <Filter>Source Files</Filter>
    </ClCompile>
    <ClCompile Include="TacomaSurfacePublic.cpp">
      <Filter>Source Files</Filter>
    </ClCompile>
    <ClCompile Include="TacomaSurfaceRefresh.cpp">
      <Filter>Source Files</Filter>
    </ClCompile>
    <ClCompile Include="TacomaTimer.cpp">
      <Filter>Source Files</Filter>
    </ClCompile>
    <ClCompile Include="TacomaVUMeters.cpp">
      <Filter>Source Files</Filter>
    </ClCompile>
    <ClCompile Include="PatchBayDlg.cpp">
      <Filter>Source Files</Filter>
    </ClCompile>
  </ItemGroup>
  <ItemGroup>
    <Midl Include="..\Framework2\ControlSurface.idl">
      <Filter>Source Files</Filter>
    </Midl>
  </ItemGroup>
  <ItemGroup>
    <ResourceCompile Include="TacomaSurface.rc">
      <Filter>Source Files</Filter>
    </ResourceCompile>
  </ItemGroup>
  <ItemGroup>
    <ClInclude Include="ButtonPropsDlg.h">
      <Filter>Header Files</Filter>
    </ClInclude>
    <ClInclude Include="IOBoxInterface.h">
      <Filter>Header Files</Filter>
    </ClInclude>
    <ClInclude Include="MidiSink.h">
      <Filter>Header Files</Filter>
    </ClInclude>
    <ClInclude Include="MidiSource.h">
      <Filter>Header Files</Filter>
    </ClInclude>
    <ClInclude Include="..\Framework2\mixparam.h">
      <Filter>Header Files</Filter>
    </ClInclude>
    <ClInclude Include="RegReminderDlg.h">
      <Filter>Header Files</Filter>
    </ClInclude>
    <ClInclude Include="resource.h">
      <Filter>Header Files</Filter>
    </ClInclude>
    <ClInclude Include="..\Framework2\sfkmidi.h">
      <Filter>Header Files</Filter>
    </ClInclude>
    <ClInclude Include="..\Framework2\sfkUtils.h">
      <Filter>Header Files</Filter>
    </ClInclude>
    <ClInclude Include="StdAfx.h">
      <Filter>Header Files</Filter>
    </ClInclude>
    <ClInclude Include="..\Framework2\StringCruncher.h">
      <Filter>Header Files</Filter>
    </ClInclude>
    <ClInclude Include="..\Framework2\surface.h">
      <Filter>Header Files</Filter>
    </ClInclude>
    <ClInclude Include="TacomaSurface.h">
      <Filter>Header Files</Filter>
    </ClInclude>
    <ClInclude Include="TacomaSurfacePropPage.h">
      <Filter>Header Files</Filter>
    </ClInclude>
    <ClInclude Include="PatchBayDlg.h">
      <Filter>Header Files</Filter>
    </ClInclude>
  </ItemGroup>
  <ItemGroup>
    <None Include="res\acontext_ind.bmp">
      <Filter>Resource Files</Filter>
    </None>
    <None Include="res\act_bkg.bmp">
      <Filter>Resource Files</Filter>
    </None>
    <None Include="res\act_btn.bmp">
      <Filter>Resource Files</Filter>
    </None>
    <None Include="res\act_tab.bmp">
      <Filter>Resource Files</Filter>
    </None>
    <None Include="res\bitmap7.bmp">
      <Filter>Resource Files</Filter>
    </None>
    <None Include="res\check_btn.bmp">
      <Filter>Resource Files</Filter>
    </None>
    <None Include="res\comp_btn.bmp">
      <Filter>Resource Files</Filter>
    </None>
    <None Include="res\d1act_btn.bmp">
      <Filter>Resource Files</Filter>
    </None>
    <None Include="res\d2act_btn.bmp">
      <Filter>Resource Files</Filter>
    </None>
    <None Include="res\d3act_btn.bmp">
      <Filter>Resource Files</Filter>
    </None>
    <None Include="res\d4act_btn.bmp">
      <Filter>Resource Files</Filter>
    </None>
    <None Include="res\del_btn.bmp">
      <Filter>Resource Files</Filter>
    </None>
    <None Include="res\dm_bkg.bmp">
      <Filter>Resource Files</Filter>
    </None>
    <None Include="res\dm_fader.bmp">
      <Filter>Resource Files</Filter>
    </None>
    <None Include="res\dm_link_btn.bmp">
      <Filter>Resource Files</Filter>
    </None>
    <None Include="res\dm_tab.bmp">
      <Filter>Resource Files</Filter>
    </None>
    <None Include="res\dmix_bkg.bmp">
      <Filter>Resource Files</Filter>
    </None>
    <None Include="res\dmrb_btn.bmp">
      <Filter>Resource Files</Filter>
    </None>
    <None Include="res\encoder_ind.bmp">
      <Filter>Resource Files</Filter>
    </None>
    <None Include="res\fader.bmp">
      <Filter>Resource Files</Filter>
    </None>
    <None Include="res\fx_ind.bmp">
      <Filter>Resource Files</Filter>
    </None>
    <None Include="res\gainknob.bmp">
      <Filter>Resource Files</Filter>
    </None>
    <None Include="res\iopanel.bmp">
      <Filter>Resource Files</Filter>
    </None>
    <None Include="res\large_btn.bmp">
      <Filter>Resource Files</Filter>
    </None>
    <None Include="res\layer_ind.bmp">
      <Filter>Resource Files</Filter>
    </None>
    <None Include="res\link_btn.bmp">
      <Filter>Resource Files</Filter>
    </None>
    <None Include="res\locut_btn.bmp">
      <Filter>Resource Files</Filter>
    </None>
    <None Include="res\mainbackground.bmp">
      <Filter>Resource Files</Filter>
    </None>
    <None Include="res\markers_ind.bmp">
      <Filter>Resource Files</Filter>
    </None>
    <None Include="res\micpre_fader.bmp">
      <Filter>Resource Files</Filter>
    </None>
    <None Include="res\mono_btn.bmp">
      <Filter>Resource Files</Filter>
    </None>
    <None Include="res\mplink_btn.bmp">
      <Filter>Resource Files</Filter>
    </None>
    <None Include="res\mprb_btn.bmp">
      <Filter>Resource Files</Filter>
    </None>
    <None Include="res\mutesolo_btn.bmp">
      <Filter>Resource Files</Filter>
    </None>
    <None Include="res\p48_btn.bmp">
      <Filter>Resource Files</Filter>
    </None>
    <None Include="res\pad_btn.bmp">
      <Filter>Resource Files</Filter>
    </None>
    <None Include="res\phase_btn.bmp">
      <Filter>Resource Files</Filter>
    </None>
    <None Include="res\preamp_bkg.bmp">
      <Filter>Resource Files</Filter>
    </None>
    <None Include="res\preamp_tab.bmp">
      <Filter>Resource Files</Filter>
    </None>
    <None Include="res\preampcancel_btn.bmp">
      <Filter>Resource Files</Filter>
    </None>
    <None Include="res\preampsave_btn.bmp">
      <Filter>Resource Files</Filter>
    </None>
    <None Include="res\prefs_bkg.bmp">
      <Filter>Resource Files</Filter>
    </None>
    <None Include="res\prefs_btn.bmp">
      <Filter>Resource Files</Filter>
    </None>
    <None Include="res\prefs_tab.bmp">
      <Filter>Resource Files</Filter>
    </None>
    <None Include="res\preset_edit.bmp">
      <Filter>Resource Files</Filter>
    </None>
    <None Include="res\preset_picker.bmp">
      <Filter>Resource Files</Filter>
    </None>
    <None Include="res\save_btn.bmp">
      <Filter>Resource Files</Filter>
    </None>
    <None Include="res\small_btn.bmp">
      <Filter>Resource Files</Filter>
    </None>
    <None Include="res\tact_btn.bmp">
      <Filter>Resource Files</Filter>
    </None>
    <None Include="ReadMe.txt" />
    <None Include="res\bitmap1.bmp">
      <Filter>Resource Files</Filter>
    </None>
    <None Include="res\DisplayEE.bmp">
      <Filter>Resource Files</Filter>
    </None>
    <None Include="res\analogin_fdr_bkg.bmp">
      <Filter>Resource Files</Filter>
    </None>
    <None Include="res\analogout_fdr_bkg.bmp">
      <Filter>Resource Files</Filter>
    </None>
    <None Include="res\arx_fdr_bkg.bmp">
      <Filter>Resource Files</Filter>
    </None>
    <None Include="res\digital1_fdr_bkg.bmp">
      <Filter>Resource Files</Filter>
    </None>
    <None Include="res\digital2_fdr_bkg.bmp">
      <Filter>Resource Files</Filter>
    </None>
    <None Include="res\oc_preamp_bkg.bmp">
      <Filter>Resource Files</Filter>
    </None>
    <None Include="res\hiz_btn.bmp">
      <Filter>Resource Files</Filter>
    </None>
    <None Include="res\oc_dmA_bkg.bmp">
      <Filter>Resource Files</Filter>
    </None>
    <None Include="res\oc_inputdm_fdr_bkg.bmp">
      <Filter>Resource Files</Filter>
    </None>
    <None Include="res\oc_outputdm_fdr_bkg.bmp">
      <Filter>Resource Files</Filter>
    </None>
    <None Include="res\oc_masterdm_fdr_bkg.bmp">
      <Filter>Resource Files</Filter>
    </None>
    <None Include="res\oc_dm_master_fdr.bmp">
      <Filter>Resource Files</Filter>
    </None>
    <None Include="res\oc_dm_A_btn.bmp">
      <Filter>Resource Files</Filter>
    </None>
    <None Include="res\bitmap2.bmp">
      <Filter>Resource Files</Filter>
    </None>
    <None Include="res\oc_dm_B_btn.bmp">
      <Filter>Resource Files</Filter>
    </None>
    <None Include="res\oc_dm_C_btn.bmp">
      <Filter>Resource Files</Filter>
    </None>
    <None Include="res\oc_dm_D_btn.bmp">
      <Filter>Resource Files</Filter>
    </None>
    <None Include="res\oc_dm_patchbay_btn.bmp">
      <Filter>Resource Files</Filter>
    </None>
    <None Include="res\oc_dmB_bkg.bmp">
      <Filter>Resource Files</Filter>
    </None>
    <None Include="res\oc_dmC_bkg.bmp">
      <Filter>Resource Files</Filter>
    </None>
    <None Include="res\oc_dmD_bkg.bmp">
      <Filter>Resource Files</Filter>
    </None>
    <None Include="res\complink_btn.bmp">
      <Filter>Resource Files</Filter>
    </None>
    <None Include="res\digital_btn.bmp">
      <Filter>Resource Files</Filter>
    </None>
    <None Include="res\internal_btn.bmp">
      <Filter>Resource Files</Filter>
    </None>
    <None Include="res\patchbay_bkg.bmp">
      <Filter>Resource Files</Filter>
    </None>
    <None Include="res\oc_dm_out12_ind.bmp">
      <Filter>Resource Files</Filter>
    </None>
    <None Include="res\oc_dm_out34_ind.bmp">
      <Filter>Resource Files</Filter>
    </None>
    <None Include="res\oc_dm_out56_ind.bmp">
      <Filter>Resource Files</Filter>
    </None>
    <None Include="res\oc_dm_out78_ind.bmp">
      <Filter>Resource Files</Filter>
    </None>
    <None Include="res\oc_dm_out910_ind.bmp">
      <Filter>Resource Files</Filter>
    </None>
    <None Include="TacomaSurface.def">
      <Filter>Source Files</Filter>
    </None>
  </ItemGroup>
</Project>