
Microsoft Visual Studio Solution File, Format Version 11.00
# Visual Studio 2010
Project("{8BC9CEB8-8B4A-11D0-8D11-00A0C91BC942}") = "TacomaSurface", "TacomaSurface_vs10.vcxproj", "{E4E5964A-C1DD-4785-BAE2-604C5273B62B}"
EndProject
Project("{8BC9CEB8-8B4A-11D0-8D11-00A0C91BC942}") = "AutoTrackLib", "..\..\AutoTrackLib\AutoTrackLib_vs10.vcxproj", "{C047A357-A160-40B2-9BB9-9E933D78F460}"
EndProject
Project("{8BC9CEB8-8B4A-11D0-8D11-00A0C91BC942}") = "CakeControlsLib", "..\..\CakeControls\CakeControlsLib_vs10.vcxproj", "{C01ECEF5-9039-4E41-940C-E6F8E7579E5A}"
	ProjectSection(ProjectDependencies) = postProject
		{EF4760E6-C5F6-4EEF-99D9-ECD1923E3EAD} = {EF4760E6-C5F6-4EEF-99D9-ECD1923E3EAD}
	EndProjectSection
EndProject
Project("{8BC9CEB8-8B4A-11D0-8D11-00A0C91BC942}") = "TTSLogger", "..\..\TTSLogger\TTSLogger_vs10.vcxproj", "{A024CE71-23F4-48AB-97B5-D918EE8C2864}"
EndProject
Project("{8BC9CEB8-8B4A-11D0-8D11-00A0C91BC942}") = "TTSPersist", "..\..\TTSPersist\TTSPersist_vs10.vcxproj", "{DA2B265C-28B3-4E32-AF9B-E36521785F36}"
EndProject
Project("{8BC9CEB8-8B4A-11D0-8D11-00A0C91BC942}") = "TTSUtilLib", "..\..\TTSUtil\TTSUtilLib_vs10.vcxproj", "{4ECFADE6-F117-4E9B-B031-92AB105ADF26}"
EndProject
Project("{8BC9CEB8-8B4A-11D0-8D11-00A0C91BC942}") = "CWGraphicsLib", "..\..\CWGraphicsLib\CWGraphicsLib_vs10.vcxproj", "{EF4760E6-C5F6-4EEF-99D9-ECD1923E3EAD}"
EndProject
Global
	GlobalSection(SolutionConfigurationPlatforms) = preSolution
		Debug|Win32 = Debug|Win32
		Debug|x64 = Debug|x64
		Release MinSize|Win32 = Release MinSize|Win32
		Release MinSize|x64 = Release MinSize|x64
		Release|Win32 = Release|Win32
		Release|x64 = Release|x64
		Template|Win32 = Template|Win32
		Template|x64 = Template|x64
		Unicode Debug|Win32 = Unicode Debug|Win32
		Unicode Debug|x64 = Unicode Debug|x64
		Unicode Release MinSize|Win32 = Unicode Release MinSize|Win32
		Unicode Release MinSize|x64 = Unicode Release MinSize|x64
		Unicode Release NO LTCG|Win32 = Unicode Release NO LTCG|Win32
		Unicode Release NO LTCG|x64 = Unicode Release NO LTCG|x64
		Unicode Release|Win32 = Unicode Release|Win32
		Unicode Release|x64 = Unicode Release|x64
	EndGlobalSection
	GlobalSection(ProjectConfigurationPlatforms) = postSolution
		{E4E5964A-C1DD-4785-BAE2-604C5273B62B}.Debug|Win32.ActiveCfg = Debug|Win32
		{E4E5964A-C1DD-4785-BAE2-604C5273B62B}.Debug|Win32.Build.0 = Debug|Win32
		{E4E5964A-C1DD-4785-BAE2-604C5273B62B}.Debug|x64.ActiveCfg = Debug|x64
		{E4E5964A-C1DD-4785-BAE2-604C5273B62B}.Debug|x64.Build.0 = Debug|x64
		{E4E5964A-C1DD-4785-BAE2-604C5273B62B}.Release MinSize|Win32.ActiveCfg = Release|x64
		{E4E5964A-C1DD-4785-BAE2-604C5273B62B}.Release MinSize|x64.ActiveCfg = Release|x64
		{E4E5964A-C1DD-4785-BAE2-604C5273B62B}.Release MinSize|x64.Build.0 = Release|x64
		{E4E5964A-C1DD-4785-BAE2-604C5273B62B}.Release|Win32.ActiveCfg = Release|Win32
		{E4E5964A-C1DD-4785-BAE2-604C5273B62B}.Release|Win32.Build.0 = Release|Win32
		{E4E5964A-C1DD-4785-BAE2-604C5273B62B}.Release|x64.ActiveCfg = Release|x64
		{E4E5964A-C1DD-4785-BAE2-604C5273B62B}.Release|x64.Build.0 = Release|x64
		{E4E5964A-C1DD-4785-BAE2-604C5273B62B}.Template|Win32.ActiveCfg = Template|Win32
		{E4E5964A-C1DD-4785-BAE2-604C5273B62B}.Template|Win32.Build.0 = Template|Win32
		{E4E5964A-C1DD-4785-BAE2-604C5273B62B}.Template|x64.ActiveCfg = Template|x64
		{E4E5964A-C1DD-4785-BAE2-604C5273B62B}.Template|x64.Build.0 = Template|x64
		{E4E5964A-C1DD-4785-BAE2-604C5273B62B}.Unicode Debug|Win32.ActiveCfg = Unicode Debug|Win32
		{E4E5964A-C1DD-4785-BAE2-604C5273B62B}.Unicode Debug|Win32.Build.0 = Unicode Debug|Win32
		{E4E5964A-C1DD-4785-BAE2-604C5273B62B}.Unicode Debug|x64.ActiveCfg = Unicode Debug|x64
		{E4E5964A-C1DD-4785-BAE2-604C5273B62B}.Unicode Debug|x64.Build.0 = Unicode Debug|x64
		{E4E5964A-C1DD-4785-BAE2-604C5273B62B}.Unicode Release MinSize|Win32.ActiveCfg = Unicode Release|x64
		{E4E5964A-C1DD-4785-BAE2-604C5273B62B}.Unicode Release MinSize|x64.ActiveCfg = Unicode Release|x64
		{E4E5964A-C1DD-4785-BAE2-604C5273B62B}.Unicode Release MinSize|x64.Build.0 = Unicode Release|x64
		{E4E5964A-C1DD-4785-BAE2-604C5273B62B}.Unicode Release NO LTCG|Win32.ActiveCfg = Unicode Release|x64
		{E4E5964A-C1DD-4785-BAE2-604C5273B62B}.Unicode Release NO LTCG|x64.ActiveCfg = Unicode Release|x64
		{E4E5964A-C1DD-4785-BAE2-604C5273B62B}.Unicode Release NO LTCG|x64.Build.0 = Unicode Release|x64
		{E4E5964A-C1DD-4785-BAE2-604C5273B62B}.Unicode Release|Win32.ActiveCfg = Unicode Release|Win32
		{E4E5964A-C1DD-4785-BAE2-604C5273B62B}.Unicode Release|Win32.Build.0 = Unicode Release|Win32
		{E4E5964A-C1DD-4785-BAE2-604C5273B62B}.Unicode Release|x64.ActiveCfg = Unicode Release|x64
		{E4E5964A-C1DD-4785-BAE2-604C5273B62B}.Unicode Release|x64.Build.0 = Unicode Release|x64
		{C047A357-A160-40B2-9BB9-9E933D78F460}.Debug|Win32.ActiveCfg = Debug|Win32
		{C047A357-A160-40B2-9BB9-9E933D78F460}.Debug|Win32.Build.0 = Debug|Win32
		{C047A357-A160-40B2-9BB9-9E933D78F460}.Debug|x64.ActiveCfg = Debug|x64
		{C047A357-A160-40B2-9BB9-9E933D78F460}.Debug|x64.Build.0 = Debug|x64
		{C047A357-A160-40B2-9BB9-9E933D78F460}.Release MinSize|Win32.ActiveCfg = Release|x64
		{C047A357-A160-40B2-9BB9-9E933D78F460}.Release MinSize|x64.ActiveCfg = Release|x64
		{C047A357-A160-40B2-9BB9-9E933D78F460}.Release MinSize|x64.Build.0 = Release|x64
		{C047A357-A160-40B2-9BB9-9E933D78F460}.Release|Win32.ActiveCfg = Release|Win32
		{C047A357-A160-40B2-9BB9-9E933D78F460}.Release|Win32.Build.0 = Release|Win32
		{C047A357-A160-40B2-9BB9-9E933D78F460}.Release|x64.ActiveCfg = Release|x64
		{C047A357-A160-40B2-9BB9-9E933D78F460}.Release|x64.Build.0 = Release|x64
		{C047A357-A160-40B2-9BB9-9E933D78F460}.Template|Win32.ActiveCfg = Unicode Release|x64
		{C047A357-A160-40B2-9BB9-9E933D78F460}.Template|x64.ActiveCfg = Unicode Release|x64
		{C047A357-A160-40B2-9BB9-9E933D78F460}.Template|x64.Build.0 = Unicode Release|x64
		{C047A357-A160-40B2-9BB9-9E933D78F460}.Unicode Debug|Win32.ActiveCfg = Unicode Debug|Win32
		{C047A357-A160-40B2-9BB9-9E933D78F460}.Unicode Debug|Win32.Build.0 = Unicode Debug|Win32
		{C047A357-A160-40B2-9BB9-9E933D78F460}.Unicode Debug|x64.ActiveCfg = Unicode Debug|x64
		{C047A357-A160-40B2-9BB9-9E933D78F460}.Unicode Debug|x64.Build.0 = Unicode Debug|x64
		{C047A357-A160-40B2-9BB9-9E933D78F460}.Unicode Release MinSize|Win32.ActiveCfg = Unicode Release NO LTCG|x64
		{C047A357-A160-40B2-9BB9-9E933D78F460}.Unicode Release MinSize|x64.ActiveCfg = Unicode Release NO LTCG|x64
		{C047A357-A160-40B2-9BB9-9E933D78F460}.Unicode Release MinSize|x64.Build.0 = Unicode Release NO LTCG|x64
		{C047A357-A160-40B2-9BB9-9E933D78F460}.Unicode Release NO LTCG|Win32.ActiveCfg = Unicode Release NO LTCG|Win32
		{C047A357-A160-40B2-9BB9-9E933D78F460}.Unicode Release NO LTCG|Win32.Build.0 = Unicode Release NO LTCG|Win32
		{C047A357-A160-40B2-9BB9-9E933D78F460}.Unicode Release NO LTCG|x64.ActiveCfg = Unicode Release NO LTCG|x64
		{C047A357-A160-40B2-9BB9-9E933D78F460}.Unicode Release NO LTCG|x64.Build.0 = Unicode Release NO LTCG|x64
		{C047A357-A160-40B2-9BB9-9E933D78F460}.Unicode Release|Win32.ActiveCfg = Unicode Release|Win32
		{C047A357-A160-40B2-9BB9-9E933D78F460}.Unicode Release|Win32.Build.0 = Unicode Release|Win32
		{C047A357-A160-40B2-9BB9-9E933D78F460}.Unicode Release|x64.ActiveCfg = Unicode Release|x64
		{C047A357-A160-40B2-9BB9-9E933D78F460}.Unicode Release|x64.Build.0 = Unicode Release|x64
		{C01ECEF5-9039-4E41-940C-E6F8E7579E5A}.Debug|Win32.ActiveCfg = Debug|Win32
		{C01ECEF5-9039-4E41-940C-E6F8E7579E5A}.Debug|Win32.Build.0 = Debug|Win32
		{C01ECEF5-9039-4E41-940C-E6F8E7579E5A}.Debug|x64.ActiveCfg = Debug|x64
		{C01ECEF5-9039-4E41-940C-E6F8E7579E5A}.Debug|x64.Build.0 = Debug|x64
		{C01ECEF5-9039-4E41-940C-E6F8E7579E5A}.Release MinSize|Win32.ActiveCfg = Release|x64
		{C01ECEF5-9039-4E41-940C-E6F8E7579E5A}.Release MinSize|x64.ActiveCfg = Release|x64
		{C01ECEF5-9039-4E41-940C-E6F8E7579E5A}.Release MinSize|x64.Build.0 = Release|x64
		{C01ECEF5-9039-4E41-940C-E6F8E7579E5A}.Release|Win32.ActiveCfg = Release|Win32
		{C01ECEF5-9039-4E41-940C-E6F8E7579E5A}.Release|Win32.Build.0 = Release|Win32
		{C01ECEF5-9039-4E41-940C-E6F8E7579E5A}.Release|x64.ActiveCfg = Release|x64
		{C01ECEF5-9039-4E41-940C-E6F8E7579E5A}.Release|x64.Build.0 = Release|x64
		{C01ECEF5-9039-4E41-940C-E6F8E7579E5A}.Template|Win32.ActiveCfg = Template|Win32
		{C01ECEF5-9039-4E41-940C-E6F8E7579E5A}.Template|Win32.Build.0 = Template|Win32
		{C01ECEF5-9039-4E41-940C-E6F8E7579E5A}.Template|x64.ActiveCfg = Template|x64
		{C01ECEF5-9039-4E41-940C-E6F8E7579E5A}.Template|x64.Build.0 = Template|x64
		{C01ECEF5-9039-4E41-940C-E6F8E7579E5A}.Unicode Debug|Win32.ActiveCfg = Unicode Debug|Win32
		{C01ECEF5-9039-4E41-940C-E6F8E7579E5A}.Unicode Debug|Win32.Build.0 = Unicode Debug|Win32
		{C01ECEF5-9039-4E41-940C-E6F8E7579E5A}.Unicode Debug|x64.ActiveCfg = Unicode Debug|x64
		{C01ECEF5-9039-4E41-940C-E6F8E7579E5A}.Unicode Debug|x64.Build.0 = Unicode Debug|x64
		{C01ECEF5-9039-4E41-940C-E6F8E7579E5A}.Unicode Release MinSize|Win32.ActiveCfg = Unicode Release NO LTCG|x64
		{C01ECEF5-9039-4E41-940C-E6F8E7579E5A}.Unicode Release MinSize|x64.ActiveCfg = Unicode Release NO LTCG|x64
		{C01ECEF5-9039-4E41-940C-E6F8E7579E5A}.Unicode Release MinSize|x64.Build.0 = Unicode Release NO LTCG|x64
		{C01ECEF5-9039-4E41-940C-E6F8E7579E5A}.Unicode Release NO LTCG|Win32.ActiveCfg = Unicode Release NO LTCG|Win32
		{C01ECEF5-9039-4E41-940C-E6F8E7579E5A}.Unicode Release NO LTCG|Win32.Build.0 = Unicode Release NO LTCG|Win32
		{C01ECEF5-9039-4E41-940C-E6F8E7579E5A}.Unicode Release NO LTCG|x64.ActiveCfg = Unicode Release NO LTCG|x64
		{C01ECEF5-9039-4E41-940C-E6F8E7579E5A}.Unicode Release NO LTCG|x64.Build.0 = Unicode Release NO LTCG|x64
		{C01ECEF5-9039-4E41-940C-E6F8E7579E5A}.Unicode Release|Win32.ActiveCfg = Unicode Release|Win32
		{C01ECEF5-9039-4E41-940C-E6F8E7579E5A}.Unicode Release|Win32.Build.0 = Unicode Release|Win32
		{C01ECEF5-9039-4E41-940C-E6F8E7579E5A}.Unicode Release|x64.ActiveCfg = Unicode Release|x64
		{C01ECEF5-9039-4E41-940C-E6F8E7579E5A}.Unicode Release|x64.Build.0 = Unicode Release|x64
		{A024CE71-23F4-48AB-97B5-D918EE8C2864}.Debug|Win32.ActiveCfg = Debug|Win32
		{A024CE71-23F4-48AB-97B5-D918EE8C2864}.Debug|Win32.Build.0 = Debug|Win32
		{A024CE71-23F4-48AB-97B5-D918EE8C2864}.Debug|x64.ActiveCfg = Debug|x64
		{A024CE71-23F4-48AB-97B5-D918EE8C2864}.Debug|x64.Build.0 = Debug|x64
		{A024CE71-23F4-48AB-97B5-D918EE8C2864}.Release MinSize|Win32.ActiveCfg = Release MinSize|Win32
		{A024CE71-23F4-48AB-97B5-D918EE8C2864}.Release MinSize|Win32.Build.0 = Release MinSize|Win32
		{A024CE71-23F4-48AB-97B5-D918EE8C2864}.Release MinSize|x64.ActiveCfg = Release MinSize|x64
		{A024CE71-23F4-48AB-97B5-D918EE8C2864}.Release MinSize|x64.Build.0 = Release MinSize|x64
		{A024CE71-23F4-48AB-97B5-D918EE8C2864}.Release|Win32.ActiveCfg = Release|Win32
		{A024CE71-23F4-48AB-97B5-D918EE8C2864}.Release|Win32.Build.0 = Release|Win32
		{A024CE71-23F4-48AB-97B5-D918EE8C2864}.Release|x64.ActiveCfg = Release|x64
		{A024CE71-23F4-48AB-97B5-D918EE8C2864}.Release|x64.Build.0 = Release|x64
		{A024CE71-23F4-48AB-97B5-D918EE8C2864}.Template|Win32.ActiveCfg = Unicode Release|x64
		{A024CE71-23F4-48AB-97B5-D918EE8C2864}.Template|x64.ActiveCfg = Unicode Release|x64
		{A024CE71-23F4-48AB-97B5-D918EE8C2864}.Template|x64.Build.0 = Unicode Release|x64
		{A024CE71-23F4-48AB-97B5-D918EE8C2864}.Unicode Debug|Win32.ActiveCfg = Unicode Debug|Win32
		{A024CE71-23F4-48AB-97B5-D918EE8C2864}.Unicode Debug|Win32.Build.0 = Unicode Debug|Win32
		{A024CE71-23F4-48AB-97B5-D918EE8C2864}.Unicode Debug|x64.ActiveCfg = Unicode Debug|x64
		{A024CE71-23F4-48AB-97B5-D918EE8C2864}.Unicode Debug|x64.Build.0 = Unicode Debug|x64
		{A024CE71-23F4-48AB-97B5-D918EE8C2864}.Unicode Release MinSize|Win32.ActiveCfg = Unicode Release MinSize|Win32
		{A024CE71-23F4-48AB-97B5-D918EE8C2864}.Unicode Release MinSize|Win32.Build.0 = Unicode Release MinSize|Win32
		{A024CE71-23F4-48AB-97B5-D918EE8C2864}.Unicode Release MinSize|x64.ActiveCfg = Unicode Release MinSize|x64
		{A024CE71-23F4-48AB-97B5-D918EE8C2864}.Unicode Release MinSize|x64.Build.0 = Unicode Release MinSize|x64
		{A024CE71-23F4-48AB-97B5-D918EE8C2864}.Unicode Release NO LTCG|Win32.ActiveCfg = Unicode Release NO LTCG|Win32
		{A024CE71-23F4-48AB-97B5-D918EE8C2864}.Unicode Release NO LTCG|Win32.Build.0 = Unicode Release NO LTCG|Win32
		{A024CE71-23F4-48AB-97B5-D918EE8C2864}.Unicode Release NO LTCG|x64.ActiveCfg = Unicode Release NO LTCG|x64
		{A024CE71-23F4-48AB-97B5-D918EE8C2864}.Unicode Release NO LTCG|x64.Build.0 = Unicode Release NO LTCG|x64
		{A024CE71-23F4-48AB-97B5-D918EE8C2864}.Unicode Release|Win32.ActiveCfg = Unicode Release|Win32
		{A024CE71-23F4-48AB-97B5-D918EE8C2864}.Unicode Release|Win32.Build.0 = Unicode Release|Win32
		{A024CE71-23F4-48AB-97B5-D918EE8C2864}.Unicode Release|x64.ActiveCfg = Unicode Release|x64
		{A024CE71-23F4-48AB-97B5-D918EE8C2864}.Unicode Release|x64.Build.0 = Unicode Release|x64
		{DA2B265C-28B3-4E32-AF9B-E36521785F36}.Debug|Win32.ActiveCfg = Debug|Win32
		{DA2B265C-28B3-4E32-AF9B-E36521785F36}.Debug|Win32.Build.0 = Debug|Win32
		{DA2B265C-28B3-4E32-AF9B-E36521785F36}.Debug|x64.ActiveCfg = Debug|x64
		{DA2B265C-28B3-4E32-AF9B-E36521785F36}.Debug|x64.Build.0 = Debug|x64
		{DA2B265C-28B3-4E32-AF9B-E36521785F36}.Release MinSize|Win32.ActiveCfg = Release|x64
		{DA2B265C-28B3-4E32-AF9B-E36521785F36}.Release MinSize|x64.ActiveCfg = Release|x64
		{DA2B265C-28B3-4E32-AF9B-E36521785F36}.Release MinSize|x64.Build.0 = Release|x64
		{DA2B265C-28B3-4E32-AF9B-E36521785F36}.Release|Win32.ActiveCfg = Release|Win32
		{DA2B265C-28B3-4E32-AF9B-E36521785F36}.Release|Win32.Build.0 = Release|Win32
		{DA2B265C-28B3-4E32-AF9B-E36521785F36}.Release|x64.ActiveCfg = Release|x64
		{DA2B265C-28B3-4E32-AF9B-E36521785F36}.Release|x64.Build.0 = Release|x64
		{DA2B265C-28B3-4E32-AF9B-E36521785F36}.Template|Win32.ActiveCfg = Unicode Release|x64
		{DA2B265C-28B3-4E32-AF9B-E36521785F36}.Template|x64.ActiveCfg = Unicode Release|x64
		{DA2B265C-28B3-4E32-AF9B-E36521785F36}.Template|x64.Build.0 = Unicode Release|x64
		{DA2B265C-28B3-4E32-AF9B-E36521785F36}.Unicode Debug|Win32.ActiveCfg = Unicode Debug|Win32
		{DA2B265C-28B3-4E32-AF9B-E36521785F36}.Unicode Debug|Win32.Build.0 = Unicode Debug|Win32
		{DA2B265C-28B3-4E32-AF9B-E36521785F36}.Unicode Debug|x64.ActiveCfg = Unicode Debug|x64
		{DA2B265C-28B3-4E32-AF9B-E36521785F36}.Unicode Debug|x64.Build.0 = Unicode Debug|x64
		{DA2B265C-28B3-4E32-AF9B-E36521785F36}.Unicode Release MinSize|Win32.ActiveCfg = Unicode Release NO LTCG|x64
		{DA2B265C-28B3-4E32-AF9B-E36521785F36}.Unicode Release MinSize|x64.ActiveCfg = Unicode Release NO LTCG|x64
		{DA2B265C-28B3-4E32-AF9B-E36521785F36}.Unicode Release MinSize|x64.Build.0 = Unicode Release NO LTCG|x64
		{DA2B265C-28B3-4E32-AF9B-E36521785F36}.Unicode Release NO LTCG|Win32.ActiveCfg = Unicode Release NO LTCG|Win32
		{DA2B265C-28B3-4E32-AF9B-E36521785F36}.Unicode Release NO LTCG|Win32.Build.0 = Unicode Release NO LTCG|Win32
		{DA2B265C-28B3-4E32-AF9B-E36521785F36}.Unicode Release NO LTCG|x64.ActiveCfg = Unicode Release NO LTCG|x64
		{DA2B265C-28B3-4E32-AF9B-E36521785F36}.Unicode Release NO LTCG|x64.Build.0 = Unicode Release NO LTCG|x64
		{DA2B265C-28B3-4E32-AF9B-E36521785F36}.Unicode Release|Win32.ActiveCfg = Unicode Release|Win32
		{DA2B265C-28B3-4E32-AF9B-E36521785F36}.Unicode Release|Win32.Build.0 = Unicode Release|Win32
		{DA2B265C-28B3-4E32-AF9B-E36521785F36}.Unicode Release|x64.ActiveCfg = Unicode Release|x64
		{DA2B265C-28B3-4E32-AF9B-E36521785F36}.Unicode Release|x64.Build.0 = Unicode Release|x64
		{4ECFADE6-F117-4E9B-B031-92AB105ADF26}.Debug|Win32.ActiveCfg = Debug|Win32
		{4ECFADE6-F117-4E9B-B031-92AB105ADF26}.Debug|Win32.Build.0 = Debug|Win32
		{4ECFADE6-F117-4E9B-B031-92AB105ADF26}.Debug|x64.ActiveCfg = Debug|x64
		{4ECFADE6-F117-4E9B-B031-92AB105ADF26}.Debug|x64.Build.0 = Debug|x64
		{4ECFADE6-F117-4E9B-B031-92AB105ADF26}.Release MinSize|Win32.ActiveCfg = Release|x64
		{4ECFADE6-F117-4E9B-B031-92AB105ADF26}.Release MinSize|x64.ActiveCfg = Release|x64
		{4ECFADE6-F117-4E9B-B031-92AB105ADF26}.Release MinSize|x64.Build.0 = Release|x64
		{4ECFADE6-F117-4E9B-B031-92AB105ADF26}.Release|Win32.ActiveCfg = Release|Win32
		{4ECFADE6-F117-4E9B-B031-92AB105ADF26}.Release|Win32.Build.0 = Release|Win32
		{4ECFADE6-F117-4E9B-B031-92AB105ADF26}.Release|x64.ActiveCfg = Release|x64
		{4ECFADE6-F117-4E9B-B031-92AB105ADF26}.Release|x64.Build.0 = Release|x64
		{4ECFADE6-F117-4E9B-B031-92AB105ADF26}.Template|Win32.ActiveCfg = Unicode Release|x64
		{4ECFADE6-F117-4E9B-B031-92AB105ADF26}.Template|x64.ActiveCfg = Unicode Release|x64
		{4ECFADE6-F117-4E9B-B031-92AB105ADF26}.Template|x64.Build.0 = Unicode Release|x64
		{4ECFADE6-F117-4E9B-B031-92AB105ADF26}.Unicode Debug|Win32.ActiveCfg = Unicode Debug|Win32
		{4ECFADE6-F117-4E9B-B031-92AB105ADF26}.Unicode Debug|Win32.Build.0 = Unicode Debug|Win32
		{4ECFADE6-F117-4E9B-B031-92AB105ADF26}.Unicode Debug|x64.ActiveCfg = Unicode Debug|x64
		{4ECFADE6-F117-4E9B-B031-92AB105ADF26}.Unicode Debug|x64.Build.0 = Unicode Debug|x64
		{4ECFADE6-F117-4E9B-B031-92AB105ADF26}.Unicode Release MinSize|Win32.ActiveCfg = Unicode Release NO LTCG|x64
		{4ECFADE6-F117-4E9B-B031-92AB105ADF26}.Unicode Release MinSize|x64.ActiveCfg = Unicode Release NO LTCG|x64
		{4ECFADE6-F117-4E9B-B031-92AB105ADF26}.Unicode Release MinSize|x64.Build.0 = Unicode Release NO LTCG|x64
		{4ECFADE6-F117-4E9B-B031-92AB105ADF26}.Unicode Release NO LTCG|Win32.ActiveCfg = Unicode Release NO LTCG|Win32
		{4ECFADE6-F117-4E9B-B031-92AB105ADF26}.Unicode Release NO LTCG|Win32.Build.0 = Unicode Release NO LTCG|Win32
		{4ECFADE6-F117-4E9B-B031-92AB105ADF26}.Unicode Release NO LTCG|x64.ActiveCfg = Unicode Release NO LTCG|x64
		{4ECFADE6-F117-4E9B-B031-92AB105ADF26}.Unicode Release NO LTCG|x64.Build.0 = Unicode Release NO LTCG|x64
		{4ECFADE6-F117-4E9B-B031-92AB105ADF26}.Unicode Release|Win32.ActiveCfg = Unicode Release|Win32
		{4ECFADE6-F117-4E9B-B031-92AB105ADF26}.Unicode Release|Win32.Build.0 = Unicode Release|Win32
		{4ECFADE6-F117-4E9B-B031-92AB105ADF26}.Unicode Release|x64.ActiveCfg = Unicode Release|x64
		{4ECFADE6-F117-4E9B-B031-92AB105ADF26}.Unicode Release|x64.Build.0 = Unicode Release|x64
		{EF4760E6-C5F6-4EEF-99D9-ECD1923E3EAD}.Debug|Win32.ActiveCfg = Debug|Win32
		{EF4760E6-C5F6-4EEF-99D9-ECD1923E3EAD}.Debug|Win32.Build.0 = Debug|Win32
		{EF4760E6-C5F6-4EEF-99D9-ECD1923E3EAD}.Debug|x64.ActiveCfg = Debug|x64
		{EF4760E6-C5F6-4EEF-99D9-ECD1923E3EAD}.Debug|x64.Build.0 = Debug|x64
		{EF4760E6-C5F6-4EEF-99D9-ECD1923E3EAD}.Release MinSize|Win32.ActiveCfg = Release|x64
		{EF4760E6-C5F6-4EEF-99D9-ECD1923E3EAD}.Release MinSize|x64.ActiveCfg = Release|x64
		{EF4760E6-C5F6-4EEF-99D9-ECD1923E3EAD}.Release MinSize|x64.Build.0 = Release|x64
		{EF4760E6-C5F6-4EEF-99D9-ECD1923E3EAD}.Release|Win32.ActiveCfg = Release|Win32
		{EF4760E6-C5F6-4EEF-99D9-ECD1923E3EAD}.Release|Win32.Build.0 = Release|Win32
		{EF4760E6-C5F6-4EEF-99D9-ECD1923E3EAD}.Release|x64.ActiveCfg = Release|x64
		{EF4760E6-C5F6-4EEF-99D9-ECD1923E3EAD}.Release|x64.Build.0 = Release|x64
		{EF4760E6-C5F6-4EEF-99D9-ECD1923E3EAD}.Template|Win32.ActiveCfg = Template|Win32
		{EF4760E6-C5F6-4EEF-99D9-ECD1923E3EAD}.Template|Win32.Build.0 = Template|Win32
		{EF4760E6-C5F6-4EEF-99D9-ECD1923E3EAD}.Template|x64.ActiveCfg = Template|x64
		{EF4760E6-C5F6-4EEF-99D9-ECD1923E3EAD}.Template|x64.Build.0 = Template|x64
		{EF4760E6-C5F6-4EEF-99D9-ECD1923E3EAD}.Unicode Debug|Win32.ActiveCfg = Unicode Debug|Win32
		{EF4760E6-C5F6-4EEF-99D9-ECD1923E3EAD}.Unicode Debug|Win32.Build.0 = Unicode Debug|Win32
		{EF4760E6-C5F6-4EEF-99D9-ECD1923E3EAD}.Unicode Debug|x64.ActiveCfg = Unicode Debug|x64
		{EF4760E6-C5F6-4EEF-99D9-ECD1923E3EAD}.Unicode Debug|x64.Build.0 = Unicode Debug|x64
		{EF4760E6-C5F6-4EEF-99D9-ECD1923E3EAD}.Unicode Release MinSize|Win32.ActiveCfg = Unicode Release NO LTCG|x64
		{EF4760E6-C5F6-4EEF-99D9-ECD1923E3EAD}.Unicode Release MinSize|x64.ActiveCfg = Unicode Release NO LTCG|x64
		{EF4760E6-C5F6-4EEF-99D9-ECD1923E3EAD}.Unicode Release MinSize|x64.Build.0 = Unicode Release NO LTCG|x64
		{EF4760E6-C5F6-4EEF-99D9-ECD1923E3EAD}.Unicode Release NO LTCG|Win32.ActiveCfg = Unicode Release NO LTCG|Win32
		{EF4760E6-C5F6-4EEF-99D9-ECD1923E3EAD}.Unicode Release NO LTCG|Win32.Build.0 = Unicode Release NO LTCG|Win32
		{EF4760E6-C5F6-4EEF-99D9-ECD1923E3EAD}.Unicode Release NO LTCG|x64.ActiveCfg = Unicode Release NO LTCG|x64
		{EF4760E6-C5F6-4EEF-99D9-ECD1923E3EAD}.Unicode Release NO LTCG|x64.Build.0 = Unicode Release NO LTCG|x64
		{EF4760E6-C5F6-4EEF-99D9-ECD1923E3EAD}.Unicode Release|Win32.ActiveCfg = Unicode Release|Win32
		{EF4760E6-C5F6-4EEF-99D9-ECD1923E3EAD}.Unicode Release|Win32.Build.0 = Unicode Release|Win32
		{EF4760E6-C5F6-4EEF-99D9-ECD1923E3EAD}.Unicode Release|x64.ActiveCfg = Unicode Release|x64
		{EF4760E6-C5F6-4EEF-99D9-ECD1923E3EAD}.Unicode Release|x64.Build.0 = Unicode Release|x64
	EndGlobalSection
	GlobalSection(SolutionProperties) = preSolution
		HideSolutionNode = FALSE
	EndGlobalSection
EndGlobal
