<?xml version="1.0" encoding="utf-8"?>
<Project ToolsVersion="4.0" xmlns="http://schemas.microsoft.com/developer/msbuild/2003">
  <ItemGroup>
    <Filter Include="Source Files">
      <UniqueIdentifier>{113e4144-4df7-4457-99c3-b93d297759ac}</UniqueIdentifier>
      <Extensions>cpp;c;cxx;rc;def;r;odl;idl;hpj;bat</Extensions>
    </Filter>
    <Filter Include="Header Files">
      <UniqueIdentifier>{57257455-63bf-45e2-836e-e1297f7b3eaf}</UniqueIdentifier>
      <Extensions>h;hpp;hxx;hm;inl</Extensions>
    </Filter>
    <Filter Include="Resource Files">
      <UniqueIdentifier>{0f48c64e-e4f7-4a4a-aeb2-84679bc53ec3}</UniqueIdentifier>
      <Extensions>ico;cur;bmp;dlg;rc2;rct;bin;rgs;gif;jpg;jpeg;jpe</Extensions>
    </Filter>
  </ItemGroup>
  <ItemGroup>
    <ClCompile Include="ButtonPropsDlg.cpp">
      <Filter>Source Files</Filter>
    </ClCompile>
    <ClCompile Include="..\Framework2\MixParam.cpp">
      <Filter>Source Files</Filter>
    </ClCompile>
    <ClCompile Include="..\Framework2\SfkMidi.cpp">
      <Filter>Source Files</Filter>
    </ClCompile>
    <ClCompile Include="..\Framework2\SfkUtils.cpp">
      <Filter>Source Files</Filter>
    </ClCompile>
    <ClCompile Include="StdAfx.cpp">
      <Filter>Source Files</Filter>
    </ClCompile>
    <ClCompile Include="..\Framework2\StringCruncher.cpp">
      <Filter>Source Files</Filter>
    </ClCompile>
    <ClCompile Include="..\Framework2\Surface.cpp">
      <Filter>Source Files</Filter>
    </ClCompile>
    <ClCompile Include="VS100.cpp">
      <Filter>Source Files</Filter>
    </ClCompile>
    <ClCompile Include="VS100Gen.cpp">
      <Filter>Source Files</Filter>
    </ClCompile>
    <ClCompile Include="VS100LCD.cpp">
      <Filter>Source Files</Filter>
    </ClCompile>
    <ClCompile Include="VS100Persist.cpp">
      <Filter>Source Files</Filter>
    </ClCompile>
    <ClCompile Include="VS100PropPage.cpp">
      <Filter>Source Files</Filter>
    </ClCompile>
    <ClCompile Include="VS100Public.cpp">
      <Filter>Source Files</Filter>
    </ClCompile>
    <ClCompile Include="VS100Refresh.cpp">
      <Filter>Source Files</Filter>
    </ClCompile>
    <ClCompile Include="VS100Timer.cpp">
      <Filter>Source Files</Filter>
    </ClCompile>
  </ItemGroup>
  <ItemGroup>
    <Midl Include="..\Framework2\ControlSurface.idl">
      <Filter>Source Files</Filter>
    </Midl>
  </ItemGroup>
  <ItemGroup>
    <ResourceCompile Include="VS100.rc">
      <Filter>Source Files</Filter>
    </ResourceCompile>
  </ItemGroup>
  <ItemGroup>
    <ClInclude Include="ButtonPropsDlg.h">
      <Filter>Header Files</Filter>
    </ClInclude>
    <ClInclude Include="..\Framework2\CommandIDs.h">
      <Filter>Header Files</Filter>
    </ClInclude>
    <ClInclude Include="LCDTextWriter.h">
      <Filter>Header Files</Filter>
    </ClInclude>
    <ClInclude Include="..\Framework2\mixparam.h">
      <Filter>Header Files</Filter>
    </ClInclude>
    <ClInclude Include="resource.h">
      <Filter>Header Files</Filter>
    </ClInclude>
    <ClInclude Include="..\Framework2\sfkmidi.h">
      <Filter>Header Files</Filter>
    </ClInclude>
    <ClInclude Include="..\Framework2\sfkUtils.h">
      <Filter>Header Files</Filter>
    </ClInclude>
    <ClInclude Include="StdAfx.h">
      <Filter>Header Files</Filter>
    </ClInclude>
    <ClInclude Include="..\Framework2\StringCruncher.h">
      <Filter>Header Files</Filter>
    </ClInclude>
    <ClInclude Include="..\Framework2\surface.h">
      <Filter>Header Files</Filter>
    </ClInclude>
    <ClInclude Include="VS100.h">
      <Filter>Header Files</Filter>
    </ClInclude>
    <ClInclude Include="VS100PropPage.h">
      <Filter>Header Files</Filter>
    </ClInclude>
  </ItemGroup>
  <ItemGroup>
    <None Include="res\background.bmp">
      <Filter>Resource Files</Filter>
    </None>
    <None Include="res\check_btn.bmp">
      <Filter>Resource Files</Filter>
    </None>
  </ItemGroup>
</Project>