<?xml version="1.0" encoding="utf-8"?>
<Project ToolsVersion="4.0" xmlns="http://schemas.microsoft.com/developer/msbuild/2003">
  <ItemGroup>
    <Filter Include="Source Files">
      <UniqueIdentifier>{ab4328a0-af91-436b-8a60-bb64fa9e1c54}</UniqueIdentifier>
      <Extensions>cpp;c;cxx;rc;def;r;odl;idl;hpj;bat</Extensions>
    </Filter>
    <Filter Include="Header Files">
      <UniqueIdentifier>{f295e63a-4ed3-4df6-9838-cf197c779d88}</UniqueIdentifier>
      <Extensions>h;hpp;hxx;hm;inl</Extensions>
    </Filter>
    <Filter Include="Resource Files">
      <UniqueIdentifier>{7d2a8d05-58ba-4a56-8759-1cb13ccc2c6d}</UniqueIdentifier>
      <Extensions>ico;cur;bmp;dlg;rc2;rct;bin;rgs;gif;jpg;jpeg;jpe</Extensions>
    </Filter>
  </ItemGroup>
  <ItemGroup>
    <Midl Include="..\..\Framework2\ControlSurface.idl">
      <Filter>Source Files</Filter>
    </Midl>
  </ItemGroup>
  <ItemGroup>
    <ClCompile Include="KeyBinding.cpp">
      <Filter>Source Files</Filter>
    </ClCompile>
    <ClCompile Include="MackieControl.cpp">
      <Filter>Source Files</Filter>
    </ClCompile>
    <ClCompile Include="MackieControl7SegmentDisplay.cpp">
      <Filter>Source Files</Filter>
    </ClCompile>
    <ClCompile Include="MackieControlBase.cpp">
      <Filter>Source Files</Filter>
    </ClCompile>
    <ClCompile Include="MackieControlBaseBinder.cpp">
      <Filter>Source Files</Filter>
    </ClCompile>
    <ClCompile Include="MackieControlBaseSurfaceGen.cpp">
      <Filter>Source Files</Filter>
    </ClCompile>
    <ClCompile Include="MackieControlBaseUtils.cpp">
      <Filter>Source Files</Filter>
    </ClCompile>
    <ClCompile Include="MackieControlC4.cpp">
      <Filter>Source Files</Filter>
    </ClCompile>
    <ClCompile Include="MackieControlC4PropPage.cpp">
      <Filter>Source Files</Filter>
    </ClCompile>
    <ClCompile Include="MackieControlC4Reconfigure.cpp">
      <Filter>Source Files</Filter>
    </ClCompile>
    <ClCompile Include="MackieControlC4Rx.cpp">
      <Filter>Source Files</Filter>
    </ClCompile>
    <ClCompile Include="MackieControlC4State.cpp">
      <Filter>Source Files</Filter>
    </ClCompile>
    <ClCompile Include="MackieControlC4SurfaceGen.cpp">
      <Filter>Source Files</Filter>
    </ClCompile>
    <ClCompile Include="MackieControlC4Tx.cpp">
      <Filter>Source Files</Filter>
    </ClCompile>
    <ClCompile Include="MackieControlC4TxDisplay.cpp">
      <Filter>Source Files</Filter>
    </ClCompile>
    <ClCompile Include="MackieControlFader.cpp">
      <Filter>Source Files</Filter>
    </ClCompile>
    <ClCompile Include="MackieControlInformation.cpp">
      <Filter>Source Files</Filter>
    </ClCompile>
    <ClCompile Include="MackieControlLCDDisplay.cpp">
      <Filter>Source Files</Filter>
    </ClCompile>
    <ClCompile Include="MackieControlMaster.cpp">
      <Filter>Source Files</Filter>
    </ClCompile>
    <ClCompile Include="MackieControlMasterPropPage.cpp">
      <Filter>Source Files</Filter>
    </ClCompile>
    <ClCompile Include="MackieControlMasterPublic.cpp">
      <Filter>Source Files</Filter>
    </ClCompile>
    <ClCompile Include="MackieControlMasterRx.cpp">
      <Filter>Source Files</Filter>
    </ClCompile>
    <ClCompile Include="MackieControlMasterSurfaceGen.cpp">
      <Filter>Source Files</Filter>
    </ClCompile>
    <ClCompile Include="MackieControlMasterTx.cpp">
      <Filter>Source Files</Filter>
    </ClCompile>
    <ClCompile Include="MackieControlState.cpp">
      <Filter>Source Files</Filter>
    </ClCompile>
    <ClCompile Include="MackieControlVPotDisplay.cpp">
      <Filter>Source Files</Filter>
    </ClCompile>
    <ClCompile Include="MackieControlXT.cpp">
      <Filter>Source Files</Filter>
    </ClCompile>
    <ClCompile Include="MackieControlXTPropPage.cpp">
      <Filter>Source Files</Filter>
    </ClCompile>
    <ClCompile Include="MackieControlXTReconfigure.cpp">
      <Filter>Source Files</Filter>
    </ClCompile>
    <ClCompile Include="MackieControlXTRx.cpp">
      <Filter>Source Files</Filter>
    </ClCompile>
    <ClCompile Include="MackieControlXTSurfaceGen.cpp">
      <Filter>Source Files</Filter>
    </ClCompile>
    <ClCompile Include="MackieControlXTTx.cpp">
      <Filter>Source Files</Filter>
    </ClCompile>
    <ClCompile Include="MackieControlXTTxDisplay.cpp">
      <Filter>Source Files</Filter>
    </ClCompile>
    <ClCompile Include="MixParam.cpp">
      <Filter>Source Files</Filter>
    </ClCompile>
    <ClCompile Include="StdAfx.cpp">
      <Filter>Source Files</Filter>
    </ClCompile>
    <ClCompile Include="StringCruncher.cpp">
      <Filter>Source Files</Filter>
    </ClCompile>
    <ClCompile Include="strlcat.cpp">
      <Filter>Source Files</Filter>
    </ClCompile>
    <ClCompile Include="strlcpy.cpp">
      <Filter>Source Files</Filter>
    </ClCompile>
    <ClCompile Include="FilterLocator.cpp">
      <Filter>Source Files</Filter>
    </ClCompile>
  </ItemGroup>
  <ItemGroup>
    <None Include="MackieControl.def">
      <Filter>Source Files</Filter>
    </None>
    <None Include="res\MackieControl.rc2">
      <Filter>Resource Files</Filter>
    </None>
    <None Include="MackieControl.ini" />
    <None Include="Notes.txt" />
    <None Include="ReadMe.txt" />
    <None Include="Status.html" />
  </ItemGroup>
  <ItemGroup>
    <ResourceCompile Include="MackieControl.rc">
      <Filter>Source Files</Filter>
    </ResourceCompile>
  </ItemGroup>
  <ItemGroup>
    <ClInclude Include="KeyBinding.h">
      <Filter>Header Files</Filter>
    </ClInclude>
    <ClInclude Include="MackieControl.h">
      <Filter>Header Files</Filter>
    </ClInclude>
    <ClInclude Include="MackieControl7SegmentDisplay.h">
      <Filter>Header Files</Filter>
    </ClInclude>
    <ClInclude Include="MackieControlBase.h">
      <Filter>Header Files</Filter>
    </ClInclude>
    <ClInclude Include="MackieControlC4.h">
      <Filter>Header Files</Filter>
    </ClInclude>
    <ClInclude Include="MackieControlC4PropPage.h">
      <Filter>Header Files</Filter>
    </ClInclude>
    <ClInclude Include="MackieControlFader.h">
      <Filter>Header Files</Filter>
    </ClInclude>
    <ClInclude Include="MackieControlInformation.h">
      <Filter>Header Files</Filter>
    </ClInclude>
    <ClInclude Include="MackieControlLCDDisplay.h">
      <Filter>Header Files</Filter>
    </ClInclude>
    <ClInclude Include="MackieControlMaster.h">
      <Filter>Header Files</Filter>
    </ClInclude>
    <ClInclude Include="MackieControlMasterPropPage.h">
      <Filter>Header Files</Filter>
    </ClInclude>
    <ClInclude Include="MackieControlState.h">
      <Filter>Header Files</Filter>
    </ClInclude>
    <ClInclude Include="MackieControlVPotDisplay.h">
      <Filter>Header Files</Filter>
    </ClInclude>
    <ClInclude Include="MackieControlXT.h">
      <Filter>Header Files</Filter>
    </ClInclude>
    <ClInclude Include="MackieControlXTPropPage.h">
      <Filter>Header Files</Filter>
    </ClInclude>
    <ClInclude Include="MfxTime.h">
      <Filter>Header Files</Filter>
    </ClInclude>
    <ClInclude Include="MixParam.h">
      <Filter>Header Files</Filter>
    </ClInclude>
    <ClInclude Include="resource.h">
      <Filter>Header Files</Filter>
    </ClInclude>
    <ClInclude Include="StdAfx.h">
      <Filter>Header Files</Filter>
    </ClInclude>
    <ClInclude Include="StringCruncher.h">
      <Filter>Header Files</Filter>
    </ClInclude>
    <ClInclude Include="strlcat.h">
      <Filter>Header Files</Filter>
    </ClInclude>
    <ClInclude Include="strlcpy.h">
      <Filter>Header Files</Filter>
    </ClInclude>
    <ClInclude Include="..\..\Framework2\CommandIDs.h">
      <Filter>Header Files</Filter>
    </ClInclude>
    <ClInclude Include="FilterLocator.h">
      <Filter>Header Files</Filter>
    </ClInclude>
  </ItemGroup>
</Project>